
Microsoft Visual Studio Solution File, Format Version 12.00
# Visual Studio Version 16
VisualStudioVersion = 16.0.31005.135
MinimumVisualStudioVersion = 10.0.40219.1
Project("{FAE04EC0-301F-11D3-BF4B-00C04F79EFBC}") = "FAQ_Lab", "FAQ_Lab\FAQ_Lab.csproj", "{EB991355-467A-424E-9B8D-E19F04009981}"
EndProject
Global
	GlobalSection(SolutionConfigurationPlatforms) = preSolution
		Debug|Any CPU = Debug|Any CPU
		Release|Any CPU = Release|Any CPU
	EndGlobalSection
	GlobalSection(ProjectConfigurationPlatforms) = postSolution
		{EB991355-467A-424E-9B8D-E19F04009981}.Debug|Any CPU.ActiveCfg = Debug|Any CPU
		{EB991355-467A-424E-9B8D-E19F04009981}.Debug|Any CPU.Build.0 = Debug|Any CPU
		{EB991355-467A-424E-9B8D-E19F04009981}.Release|Any CPU.ActiveCfg = Release|Any CPU
		{EB991355-467A-424E-9B8D-E19F04009981}.Release|Any CPU.Build.0 = Release|Any CPU
	EndGlobalSection
	GlobalSection(SolutionProperties) = preSolution
		HideSolutionNode = FALSE
	EndGlobalSection
	GlobalSection(ExtensibilityGlobals) = postSolution
		SolutionGuid = {63B9E67D-839A-4F83-A98F-EACF8C71A9F4}
	EndGlobalSection
EndGlobal
